// !$*UTF8*$!
{
	archiveVersion = 1;
	classes = {
	};
	objectVersion = 46;
	objects = {

/* Begin PBXBuildFile section */
		799CA20C1D66DFA7005385D8 /* main.m in Sources */ = {isa = PBXBuildFile; fileRef = 799CA20B1D66DFA7005385D8 /* main.m */; };
		799CA20F1D66DFA7005385D8 /* AppDelegate.m in Sources */ = {isa = PBXBuildFile; fileRef = 799CA20E1D66DFA7005385D8 /* AppDelegate.m */; };
		799CA2121D66DFA7005385D8 /* ViewController.m in Sources */ = {isa = PBXBuildFile; fileRef = 799CA2111D66DFA7005385D8 /* ViewController.m */; };
		799CA2151D66DFA7005385D8 /* Main.storyboard in Resources */ = {isa = PBXBuildFile; fileRef = 799CA2131D66DFA7005385D8 /* Main.storyboard */; };
		799CA2171D66DFA7005385D8 /* Assets.xcassets in Resources */ = {isa = PBXBuildFile; fileRef = 799CA2161D66DFA7005385D8 /* Assets.xcassets */; };
		799CA21A1D66DFA7005385D8 /* LaunchScreen.storyboard in Resources */ = {isa = PBXBuildFile; fileRef = 799CA2181D66DFA7005385D8 /* LaunchScreen.storyboard */; };
		799CA2251D66DFA7005385D8 /* _5_httpsTests.m in Sources */ = {isa = PBXBuildFile; fileRef = 799CA2241D66DFA7005385D8 /* _5_httpsTests.m */; };
		799CA2301D66DFA7005385D8 /* _5_httpsUITests.m in Sources */ = {isa = PBXBuildFile; fileRef = 799CA22F1D66DFA7005385D8 /* _5_httpsUITests.m */; };
		799CA24B1D66E32C005385D8 /* AFHTTPSessionManager.m in Sources */ = {isa = PBXBuildFile; fileRef = 799CA23F1D66E32C005385D8 /* AFHTTPSessionManager.m */; };
		799CA24C1D66E32C005385D8 /* AFNetworkReachabilityManager.m in Sources */ = {isa = PBXBuildFile; fileRef = 799CA2421D66E32C005385D8 /* AFNetworkReachabilityManager.m */; };
		799CA24D1D66E32C005385D8 /* AFSecurityPolicy.m in Sources */ = {isa = PBXBuildFile; fileRef = 799CA2441D66E32C005385D8 /* AFSecurityPolicy.m */; };
		799CA24E1D66E32C005385D8 /* AFURLRequestSerialization.m in Sources */ = {isa = PBXBuildFile; fileRef = 799CA2461D66E32C005385D8 /* AFURLRequestSerialization.m */; };
		799CA24F1D66E32C005385D8 /* AFURLResponseSerialization.m in Sources */ = {isa = PBXBuildFile; fileRef = 799CA2481D66E32C005385D8 /* AFURLResponseSerialization.m */; };
		799CA2501D66E32C005385D8 /* AFURLSessionManager.m in Sources */ = {isa = PBXBuildFile; fileRef = 799CA24A1D66E32C005385D8 /* AFURLSessionManager.m */; };
/* End PBXBuildFile section */

/* Begin PBXContainerItemProxy section */
		799CA2211D66DFA7005385D8 /* PBXContainerItemProxy */ = {
			isa = PBXContainerItemProxy;
			containerPortal = 799CA1FF1D66DFA7005385D8 /* Project object */;
			proxyType = 1;
			remoteGlobalIDString = 799CA2061D66DFA7005385D8;
			remoteInfo = "05-https";
		};
		799CA22C1D66DFA7005385D8 /* PBXContainerItemProxy */ = {
			isa = PBXContainerItemProxy;
			containerPortal = 799CA1FF1D66DFA7005385D8 /* Project object */;
			proxyType = 1;
			remoteGlobalIDString = 799CA2061D66DFA7005385D8;
			remoteInfo = "05-https";
		};
/* End PBXContainerItemProxy section */

/* Begin PBXFileReference section */
		799CA2071D66DFA7005385D8 /* 05-https.app */ = {isa = PBXFileReference; explicitFileType = wrapper.application; includeInIndex = 0; path = "05-https.app"; sourceTree = BUILT_PRODUCTS_DIR; };
		799CA20B1D66DFA7005385D8 /* main.m */ = {isa = PBXFileReference; lastKnownFileType = sourcecode.c.objc; path = main.m; sourceTree = "<group>"; };
		799CA20D1D66DFA7005385D8 /* AppDelegate.h */ = {isa = PBXFileReference; lastKnownFileType = sourcecode.c.h; path = AppDelegate.h; sourceTree = "<group>"; };
		799CA20E1D66DFA7005385D8 /* AppDelegate.m */ = {isa = PBXFileReference; lastKnownFileType = sourcecode.c.objc; path = AppDelegate.m; sourceTree = "<group>"; };
		799CA2101D66DFA7005385D8 /* ViewController.h */ = {isa = PBXFileReference; lastKnownFileType = sourcecode.c.h; path = ViewController.h; sourceTree = "<group>"; };
		799CA2111D66DFA7005385D8 /* ViewController.m */ = {isa = PBXFileReference; lastKnownFileType = sourcecode.c.objc; path = ViewController.m; sourceTree = "<group>"; };
		799CA2141D66DFA7005385D8 /* Base */ = {isa = PBXFileReference; lastKnownFileType = file.storyboard; name = Base; path = Base.lproj/Main.storyboard; sourceTree = "<group>"; };
		799CA2161D66DFA7005385D8 /* Assets.xcassets */ = {isa = PBXFileReference; lastKnownFileType = folder.assetcatalog; path = Assets.xcassets; sourceTree = "<group>"; };
		799CA2191D66DFA7005385D8 /* Base */ = {isa = PBXFileReference; lastKnownFileType = file.storyboard; name = Base; path = Base.lproj/LaunchScreen.storyboard; sourceTree = "<group>"; };
		799CA21B1D66DFA7005385D8 /* Info.plist */ = {isa = PBXFileReference; lastKnownFileType = text.plist.xml; path = Info.plist; sourceTree = "<group>"; };
		799CA2201D66DFA7005385D8 /* 05-httpsTests.xctest */ = {isa = PBXFileReference; explicitFileType = wrapper.cfbundle; includeInIndex = 0; path = "05-httpsTests.xctest"; sourceTree = BUILT_PRODUCTS_DIR; };
		799CA2241D66DFA7005385D8 /* _5_httpsTests.m */ = {isa = PBXFileReference; lastKnownFileType = sourcecode.c.objc; path = _5_httpsTests.m; sourceTree = "<group>"; };
		799CA2261D66DFA7005385D8 /* Info.plist */ = {isa = PBXFileReference; lastKnownFileType = text.plist.xml; path = Info.plist; sourceTree = "<group>"; };
		799CA22B1D66DFA7005385D8 /* 05-httpsUITests.xctest */ = {isa = PBXFileReference; explicitFileType = wrapper.cfbundle; includeInIndex = 0; path = "05-httpsUITests.xctest"; sourceTree = BUILT_PRODUCTS_DIR; };
		799CA22F1D66DFA7005385D8 /* _5_httpsUITests.m */ = {isa = PBXFileReference; lastKnownFileType = sourcecode.c.objc; path = _5_httpsUITests.m; sourceTree = "<group>"; };
		799CA2311D66DFA7005385D8 /* Info.plist */ = {isa = PBXFileReference; lastKnownFileType = text.plist.xml; path = Info.plist; sourceTree = "<group>"; };
		799CA23E1D66E32C005385D8 /* AFHTTPSessionManager.h */ = {isa = PBXFileReference; fileEncoding = 4; lastKnownFileType = sourcecode.c.h; path = AFHTTPSessionManager.h; sourceTree = "<group>"; };
		799CA23F1D66E32C005385D8 /* AFHTTPSessionManager.m */ = {isa = PBXFileReference; fileEncoding = 4; lastKnownFileType = sourcecode.c.objc; path = AFHTTPSessionManager.m; sourceTree = "<group>"; };
		799CA2401D66E32C005385D8 /* AFNetworking.h */ = {isa = PBXFileReference; fileEncoding = 4; lastKnownFileType = sourcecode.c.h; path = AFNetworking.h; sourceTree = "<group>"; };
		799CA2411D66E32C005385D8 /* AFNetworkReachabilityManager.h */ = {isa = PBXFileReference; fileEncoding = 4; lastKnownFileType = sourcecode.c.h; path = AFNetworkReachabilityManager.h; sourceTree = "<group>"; };
		799CA2421D66E32C005385D8 /* AFNetworkReachabilityManager.m */ = {isa = PBXFileReference; fileEncoding = 4; lastKnownFileType = sourcecode.c.objc; path = AFNetworkReachabilityManager.m; sourceTree = "<group>"; };
		799CA2431D66E32C005385D8 /* AFSecurityPolicy.h */ = {isa = PBXFileReference; fileEncoding = 4; lastKnownFileType = sourcecode.c.h; path = AFSecurityPolicy.h; sourceTree = "<group>"; };
		799CA2441D66E32C005385D8 /* AFSecurityPolicy.m */ = {isa = PBXFileReference; fileEncoding = 4; lastKnownFileType = sourcecode.c.objc; path = AFSecurityPolicy.m; sourceTree = "<group>"; };
		799CA2451D66E32C005385D8 /* AFURLRequestSerialization.h */ = {isa = PBXFileReference; fileEncoding = 4; lastKnownFileType = sourcecode.c.h; path = AFURLRequestSerialization.h; sourceTree = "<group>"; };
		799CA2461D66E32C005385D8 /* AFURLRequestSerialization.m */ = {isa = PBXFileReference; fileEncoding = 4; lastKnownFileType = sourcecode.c.objc; path = AFURLRequestSerialization.m; sourceTree = "<group>"; };
		799CA2471D66E32C005385D8 /* AFURLResponseSerialization.h */ = {isa = PBXFileReference; fileEncoding = 4; lastKnownFileType = sourcecode.c.h; path = AFURLResponseSerialization.h; sourceTree = "<group>"; };
		799CA2481D66E32C005385D8 /* AFURLResponseSerialization.m */ = {isa = PBXFileReference; fileEncoding = 4; lastKnownFileType = sourcecode.c.objc; path = AFURLResponseSerialization.m; sourceTree = "<group>"; };
		799CA2491D66E32C005385D8 /* AFURLSessionManager.h */ = {isa = PBXFileReference; fileEncoding = 4; lastKnownFileType = sourcecode.c.h; path = AFURLSessionManager.h; sourceTree = "<group>"; };
		799CA24A1D66E32C005385D8 /* AFURLSessionManager.m */ = {isa = PBXFileReference; fileEncoding = 4; lastKnownFileType = sourcecode.c.objc; path = AFURLSessionManager.m; sourceTree = "<group>"; };
/* End PBXFileReference section */

/* Begin PBXFrameworksBuildPhase section */
		799CA2041D66DFA7005385D8 /* Frameworks */ = {
			isa = PBXFrameworksBuildPhase;
			buildActionMask = 2147483647;
			files = (
			);
			runOnlyForDeploymentPostprocessing = 0;
		};
		799CA21D1D66DFA7005385D8 /* Frameworks */ = {
			isa = PBXFrameworksBuildPhase;
			buildActionMask = 2147483647;
			files = (
			);
			runOnlyForDeploymentPostprocessing = 0;
		};
		799CA2281D66DFA7005385D8 /* Frameworks */ = {
			isa = PBXFrameworksBuildPhase;
			buildActionMask = 2147483647;
			files = (
			);
			runOnlyForDeploymentPostprocessing = 0;
		};
/* End PBXFrameworksBuildPhase section */

/* Begin PBXGroup section */
		799CA1FE1D66DFA7005385D8 = {
			isa = PBXGroup;
			children = (
				799CA2091D66DFA7005385D8 /* 05-https */,
				799CA2231D66DFA7005385D8 /* 05-httpsTests */,
				799CA22E1D66DFA7005385D8 /* 05-httpsUITests */,
				799CA2081D66DFA7005385D8 /* Products */,
			);
			sourceTree = "<group>";
		};
		799CA2081D66DFA7005385D8 /* Products */ = {
			isa = PBXGroup;
			children = (
				799CA2071D66DFA7005385D8 /* 05-https.app */,
				799CA2201D66DFA7005385D8 /* 05-httpsTests.xctest */,
				799CA22B1D66DFA7005385D8 /* 05-httpsUITests.xctest */,
			);
			name = Products;
			sourceTree = "<group>";
		};
		799CA2091D66DFA7005385D8 /* 05-https */ = {
			isa = PBXGroup;
			children = (
				799CA23D1D66E32C005385D8 /* AFNetworking */,
				799CA20D1D66DFA7005385D8 /* AppDelegate.h */,
				799CA20E1D66DFA7005385D8 /* AppDelegate.m */,
				799CA2101D66DFA7005385D8 /* ViewController.h */,
				799CA2111D66DFA7005385D8 /* ViewController.m */,
				799CA2131D66DFA7005385D8 /* Main.storyboard */,
				799CA2161D66DFA7005385D8 /* Assets.xcassets */,
				799CA2181D66DFA7005385D8 /* LaunchScreen.storyboard */,
				799CA21B1D66DFA7005385D8 /* Info.plist */,
				799CA20A1D66DFA7005385D8 /* Supporting Files */,
			);
			path = "05-https";
			sourceTree = "<group>";
		};
		799CA20A1D66DFA7005385D8 /* Supporting Files */ = {
			isa = PBXGroup;
			children = (
				799CA20B1D66DFA7005385D8 /* main.m */,
			);
			name = "Supporting Files";
			sourceTree = "<group>";
		};
		799CA2231D66DFA7005385D8 /* 05-httpsTests */ = {
			isa = PBXGroup;
			children = (
				799CA2241D66DFA7005385D8 /* _5_httpsTests.m */,
				799CA2261D66DFA7005385D8 /* Info.plist */,
			);
			path = "05-httpsTests";
			sourceTree = "<group>";
		};
		799CA22E1D66DFA7005385D8 /* 05-httpsUITests */ = {
			isa = PBXGroup;
			children = (
				799CA22F1D66DFA7005385D8 /* _5_httpsUITests.m */,
				799CA2311D66DFA7005385D8 /* Info.plist */,
			);
			path = "05-httpsUITests";
			sourceTree = "<group>";
		};
		799CA23D1D66E32C005385D8 /* AFNetworking */ = {
			isa = PBXGroup;
			children = (
				799CA23E1D66E32C005385D8 /* AFHTTPSessionManager.h */,
				799CA23F1D66E32C005385D8 /* AFHTTPSessionManager.m */,
				799CA2401D66E32C005385D8 /* AFNetworking.h */,
				799CA2411D66E32C005385D8 /* AFNetworkReachabilityManager.h */,
				799CA2421D66E32C005385D8 /* AFNetworkReachabilityManager.m */,
				799CA2431D66E32C005385D8 /* AFSecurityPolicy.h */,
				799CA2441D66E32C005385D8 /* AFSecurityPolicy.m */,
				799CA2451D66E32C005385D8 /* AFURLRequestSerialization.h */,
				799CA2461D66E32C005385D8 /* AFURLRequestSerialization.m */,
				799CA2471D66E32C005385D8 /* AFURLResponseSerialization.h */,
				799CA2481D66E32C005385D8 /* AFURLResponseSerialization.m */,
				799CA2491D66E32C005385D8 /* AFURLSessionManager.h */,
				799CA24A1D66E32C005385D8 /* AFURLSessionManager.m */,
			);
			path = AFNetworking;
			sourceTree = "<group>";
		};
/* End PBXGroup section */

/* Begin PBXNativeTarget section */
		799CA2061D66DFA7005385D8 /* 05-https */ = {
			isa = PBXNativeTarget;
			buildConfigurationList = 799CA2341D66DFA7005385D8 /* Build configuration list for PBXNativeTarget "05-https" */;
			buildPhases = (
				799CA2031D66DFA7005385D8 /* Sources */,
				799CA2041D66DFA7005385D8 /* Frameworks */,
				799CA2051D66DFA7005385D8 /* Resources */,
			);
			buildRules = (
			);
			dependencies = (
			);
			name = "05-https";
			productName = "05-https";
			productReference = 799CA2071D66DFA7005385D8 /* 05-https.app */;
			productType = "com.apple.product-type.application";
		};
		799CA21F1D66DFA7005385D8 /* 05-httpsTests */ = {
			isa = PBXNativeTarget;
			buildConfigurationList = 799CA2371D66DFA7005385D8 /* Build configuration list for PBXNativeTarget "05-httpsTests" */;
			buildPhases = (
				799CA21C1D66DFA7005385D8 /* Sources */,
				799CA21D1D66DFA7005385D8 /* Frameworks */,
				799CA21E1D66DFA7005385D8 /* Resources */,
			);
			buildRules = (
			);
			dependencies = (
				799CA2221D66DFA7005385D8 /* PBXTargetDependency */,
			);
			name = "05-httpsTests";
			productName = "05-httpsTests";
			productReference = 799CA2201D66DFA7005385D8 /* 05-httpsTests.xctest */;
			productType = "com.apple.product-type.bundle.unit-test";
		};
		799CA22A1D66DFA7005385D8 /* 05-httpsUITests */ = {
			isa = PBXNativeTarget;
			buildConfigurationList = 799CA23A1D66DFA7005385D8 /* Build configuration list for PBXNativeTarget "05-httpsUITests" */;
			buildPhases = (
				799CA2271D66DFA7005385D8 /* Sources */,
				799CA2281D66DFA7005385D8 /* Frameworks */,
				799CA2291D66DFA7005385D8 /* Resources */,
			);
			buildRules = (
			);
			dependencies = (
				799CA22D1D66DFA7005385D8 /* PBXTargetDependency */,
			);
			name = "05-httpsUITests";
			productName = "05-httpsUITests";
			productReference = 799CA22B1D66DFA7005385D8 /* 05-httpsUITests.xctest */;
			productType = "com.apple.product-type.bundle.ui-testing";
		};
/* End PBXNativeTarget section */

/* Begin PBXProject section */
		799CA1FF1D66DFA7005385D8 /* Project object */ = {
			isa = PBXProject;
			attributes = {
				LastUpgradeCheck = 0730;
				ORGANIZATIONNAME = deli;
				TargetAttributes = {
					799CA2061D66DFA7005385D8 = {
						CreatedOnToolsVersion = 7.3;
					};
					799CA21F1D66DFA7005385D8 = {
						CreatedOnToolsVersion = 7.3;
						TestTargetID = 799CA2061D66DFA7005385D8;
					};
					799CA22A1D66DFA7005385D8 = {
						CreatedOnToolsVersion = 7.3;
						TestTargetID = 799CA2061D66DFA7005385D8;
					};
				};
			};
			buildConfigurationList = 799CA2021D66DFA7005385D8 /* Build configuration list for PBXProject "05-https" */;
			compatibilityVersion = "Xcode 3.2";
			developmentRegion = English;
			hasScannedForEncodings = 0;
			knownRegions = (
				en,
				Base,
			);
			mainGroup = 799CA1FE1D66DFA7005385D8;
			productRefGroup = 799CA2081D66DFA7005385D8 /* Products */;
			projectDirPath = "";
			projectRoot = "";
			targets = (
				799CA2061D66DFA7005385D8 /* 05-https */,
				799CA21F1D66DFA7005385D8 /* 05-httpsTests */,
				799CA22A1D66DFA7005385D8 /* 05-httpsUITests */,
			);
		};
/* End PBXProject section */

/* Begin PBXResourcesBuildPhase section */
		799CA2051D66DFA7005385D8 /* Resources */ = {
			isa = PBXResourcesBuildPhase;
			buildActionMask = 2147483647;
			files = (
				799CA21A1D66DFA7005385D8 /* LaunchScreen.storyboard in Resources */,
				799CA2171D66DFA7005385D8 /* Assets.xcassets in Resources */,
				799CA2151D66DFA7005385D8 /* Main.storyboard in Resources */,
			);
			runOnlyForDeploymentPostprocessing = 0;
		};
		799CA21E1D66DFA7005385D8 /* Resources */ = {
			isa = PBXResourcesBuildPhase;
			buildActionMask = 2147483647;
			files = (
			);
			runOnlyForDeploymentPostprocessing = 0;
		};
		799CA2291D66DFA7005385D8 /* Resources */ = {
			isa = PBXResourcesBuildPhase;
			buildActionMask = 2147483647;
			files = (
			);
			runOnlyForDeploymentPostprocessing = 0;
		};
/* End PBXResourcesBuildPhase section */

/* Begin PBXSourcesBuildPhase section */
		799CA2031D66DFA7005385D8 /* Sources */ = {
			isa = PBXSourcesBuildPhase;
			buildActionMask = 2147483647;
			files = (
				799CA2501D66E32C005385D8 /* AFURLSessionManager.m in Sources */,
				799CA2121D66DFA7005385D8 /* ViewController.m in Sources */,
				799CA20F1D66DFA7005385D8 /* AppDelegate.m in Sources */,
				799CA24C1D66E32C005385D8 /* AFNetworkReachabilityManager.m in Sources */,
				799CA20C1D66DFA7005385D8 /* main.m in Sources */,
				799CA24D1D66E32C005385D8 /* AFSecurityPolicy.m in Sources */,
				799CA24E1D66E32C005385D8 /* AFURLRequestSerialization.m in Sources */,
				799CA24F1D66E32C005385D8 /* AFURLResponseSerialization.m in Sources */,
				799CA24B1D66E32C005385D8 /* AFHTTPSessionManager.m in Sources */,
			);
			runOnlyForDeploymentPostprocessing = 0;
		};
		799CA21C1D66DFA7005385D8 /* Sources */ = {
			isa = PBXSourcesBuildPhase;
			buildActionMask = 2147483647;
			files = (
				799CA2251D66DFA7005385D8 /* _5_httpsTests.m in Sources */,
			);
			runOnlyForDeploymentPostprocessing = 0;
		};
		799CA2271D66DFA7005385D8 /* Sources */ = {
			isa = PBXSourcesBuildPhase;
			buildActionMask = 2147483647;
			files = (
				799CA2301D66DFA7005385D8 /* _5_httpsUITests.m in Sources */,
			);
			runOnlyForDeploymentPostprocessing = 0;
		};
/* End PBXSourcesBuildPhase section */

/* Begin PBXTargetDependency section */
		799CA2221D66DFA7005385D8 /* PBXTargetDependency */ = {
			isa = PBXTargetDependency;
			target = 799CA2061D66DFA7005385D8 /* 05-https */;
			targetProxy = 799CA2211D66DFA7005385D8 /* PBXContainerItemProxy */;
		};
		799CA22D1D66DFA7005385D8 /* PBXTargetDependency */ = {
			isa = PBXTargetDependency;
			target = 799CA2061D66DFA7005385D8 /* 05-https */;
			targetProxy = 799CA22C1D66DFA7005385D8 /* PBXContainerItemProxy */;
		};
/* End PBXTargetDependency section */

/* Begin PBXVariantGroup section */
		799CA2131D66DFA7005385D8 /* Main.storyboard */ = {
			isa = PBXVariantGroup;
			children = (
				799CA2141D66DFA7005385D8 /* Base */,
			);
			name = Main.storyboard;
			sourceTree = "<group>";
		};
		799CA2181D66DFA7005385D8 /* LaunchScreen.storyboard */ = {
			isa = PBXVariantGroup;
			children = (
				799CA2191D66DFA7005385D8 /* Base */,
			);
			name = LaunchScreen.storyboard;
			sourceTree = "<group>";
		};
/* End PBXVariantGroup section */

/* Begin XCBuildConfiguration section */
		799CA2321D66DFA7005385D8 /* Debug */ = {
			isa = XCBuildConfiguration;
			buildSettings = {
				ALWAYS_SEARCH_USER_PATHS = NO;
				CLANG_ANALYZER_NONNULL = YES;
				CLANG_CXX_LANGUAGE_STANDARD = "gnu++0x";
				CLANG_CXX_LIBRARY = "libc++";
				CLANG_ENABLE_MODULES = YES;
				CLANG_ENABLE_OBJC_ARC = YES;
				CLANG_WARN_BOOL_CONVERSION = YES;
				CLANG_WARN_CONSTANT_CONVERSION = YES;
				CLANG_WARN_DIRECT_OBJC_ISA_USAGE = YES_ERROR;
				CLANG_WARN_EMPTY_BODY = YES;
				CLANG_WARN_ENUM_CONVERSION = YES;
				CLANG_WARN_INT_CONVERSION = YES;
				CLANG_WARN_OBJC_ROOT_CLASS = YES_ERROR;
				CLANG_WARN_UNREACHABLE_CODE = YES;
				CLANG_WARN__DUPLICATE_METHOD_MATCH = YES;
				"CODE_SIGN_IDENTITY[sdk=iphoneos*]" = "iPhone Developer";
				COPY_PHASE_STRIP = NO;
				DEBUG_INFORMATION_FORMAT = dwarf;
				ENABLE_STRICT_OBJC_MSGSEND = YES;
				ENABLE_TESTABILITY = YES;
				GCC_C_LANGUAGE_STANDARD = gnu99;
				GCC_DYNAMIC_NO_PIC = NO;
				GCC_NO_COMMON_BLOCKS = YES;
				GCC_OPTIMIZATION_LEVEL = 0;
				GCC_PREPROCESSOR_DEFINITIONS = (
					"DEBUG=1",
					"$(inherited)",
				);
				GCC_WARN_64_TO_32_BIT_CONVERSION = YES;
				GCC_WARN_ABOUT_RETURN_TYPE = YES_ERROR;
				GCC_WARN_UNDECLARED_SELECTOR = YES;
				GCC_WARN_UNINITIALIZED_AUTOS = YES_AGGRESSIVE;
				GCC_WARN_UNUSED_FUNCTION = YES;
				GCC_WARN_UNUSED_VARIABLE = YES;
				IPHONEOS_DEPLOYMENT_TARGET = 9.3;
				MTL_ENABLE_DEBUG_INFO = YES;
				ONLY_ACTIVE_ARCH = YES;
				SDKROOT = iphoneos;
			};
			name = Debug;
		};
		799CA2331D66DFA7005385D8 /* Release */ = {
			isa = XCBuildConfiguration;
			buildSettings = {
				ALWAYS_SEARCH_USER_PATHS = NO;
				CLANG_ANALYZER_NONNULL = YES;
				CLANG_CXX_LANGUAGE_STANDARD = "gnu++0x";
				CLANG_CXX_LIBRARY = "libc++";
				CLANG_ENABLE_MODULES = YES;
				CLANG_ENABLE_OBJC_ARC = YES;
				CLANG_WARN_BOOL_CONVERSION = YES;
				CLANG_WARN_CONSTANT_CONVERSION = YES;
				CLANG_WARN_DIRECT_OBJC_ISA_USAGE = YES_ERROR;
				CLANG_WARN_EMPTY_BODY = YES;
				CLANG_WARN_ENUM_CONVERSION = YES;
				CLANG_WARN_INT_CONVERSION = YES;
				CLANG_WARN_OBJC_ROOT_CLASS = YES_ERROR;
				CLANG_WARN_UNREACHABLE_CODE = YES;
				CLANG_WARN__DUPLICATE_METHOD_MATCH = YES;
				"CODE_SIGN_IDENTITY[sdk=iphoneos*]" = "iPhone Developer";
				COPY_PHASE_STRIP = NO;
				DEBUG_INFORMATION_FORMAT = "dwarf-with-dsym";
				ENABLE_NS_ASSERTIONS = NO;
				ENABLE_STRICT_OBJC_MSGSEND = YES;
				GCC_C_LANGUAGE_STANDARD = gnu99;
				GCC_NO_COMMON_BLOCKS = YES;
				GCC_WARN_64_TO_32_BIT_CONVERSION = YES;
				GCC_WARN_ABOUT_RETURN_TYPE = YES_ERROR;
				GCC_WARN_UNDECLARED_SELECTOR = YES;
				GCC_WARN_UNINITIALIZED_AUTOS = YES_AGGRESSIVE;
				GCC_WARN_UNUSED_FUNCTION = YES;
				GCC_WARN_UNUSED_VARIABLE = YES;
				IPHONEOS_DEPLOYMENT_TARGET = 9.3;
				MTL_ENABLE_DEBUG_INFO = NO;
				SDKROOT = iphoneos;
				VALIDATE_PRODUCT = YES;
			};
			name = Release;
		};
		799CA2351D66DFA7005385D8 /* Debug */ = {
			isa = XCBuildConfiguration;
			buildSettings = {
				ASSETCATALOG_COMPILER_APPICON_NAME = AppIcon;
				INFOPLIST_FILE = "05-https/Info.plist";
				LD_RUNPATH_SEARCH_PATHS = "$(inherited) @executable_path/Frameworks";
				PRODUCT_BUNDLE_IDENTIFIER = "dasfds.-5-https";
				PRODUCT_NAME = "$(TARGET_NAME)";
			};
			name = Debug;
		};
		799CA2361D66DFA7005385D8 /* Release */ = {
			isa = XCBuildConfiguration;
			buildSettings = {
				ASSETCATALOG_COMPILER_APPICON_NAME = AppIcon;
				INFOPLIST_FILE = "05-https/Info.plist";
				LD_RUNPATH_SEARCH_PATHS = "$(inherited) @executable_path/Frameworks";
				PRODUCT_BUNDLE_IDENTIFIER = "dasfds.-5-https";
				PRODUCT_NAME = "$(TARGET_NAME)";
			};
			name = Release;
		};
		799CA2381D66DFA7005385D8 /* Debug */ = {
			isa = XCBuildConfiguration;
			buildSettings = {
				BUNDLE_LOADER = "$(TEST_HOST)";
				INFOPLIST_FILE = "05-httpsTests/Info.plist";
				LD_RUNPATH_SEARCH_PATHS = "$(inherited) @executable_path/Frameworks @loader_path/Frameworks";
				PRODUCT_BUNDLE_IDENTIFIER = "dasfds.-5-httpsTests";
				PRODUCT_NAME = "$(TARGET_NAME)";
				TEST_HOST = "$(BUILT_PRODUCTS_DIR)/05-https.app/05-https";
			};
			name = Debug;
		};
		799CA2391D66DFA7005385D8 /* Release */ = {
			isa = XCBuildConfiguration;
			buildSettings = {
				BUNDLE_LOADER = "$(TEST_HOST)";
				INFOPLIST_FILE = "05-httpsTests/Info.plist";
				LD_RUNPATH_SEARCH_PATHS = "$(inherited) @executable_path/Frameworks @loader_path/Frameworks";
				PRODUCT_BUNDLE_IDENTIFIER = "dasfds.-5-httpsTests";
				PRODUCT_NAME = "$(TARGET_NAME)";
				TEST_HOST = "$(BUILT_PRODUCTS_DIR)/05-https.app/05-https";
			};
			name = Release;
		};
		799CA23B1D66DFA7005385D8 /* Debug */ = {
			isa = XCBuildConfiguration;
			buildSettings = {
				INFOPLIST_FILE = "05-httpsUITests/Info.plist";
				LD_RUNPATH_SEARCH_PATHS = "$(inherited) @executable_path/Frameworks @loader_path/Frameworks";
				PRODUCT_BUNDLE_IDENTIFIER = "dasfds.-5-httpsUITests";
				PRODUCT_NAME = "$(TARGET_NAME)";
				TEST_TARGET_NAME = "05-https";
			};
			name = Debug;
		};
		799CA23C1D66DFA7005385D8 /* Release */ = {
			isa = XCBuildConfiguration;
			buildSettings = {
				INFOPLIST_FILE = "05-httpsUITests/Info.plist";
				LD_RUNPATH_SEARCH_PATHS = "$(inherited) @executable_path/Frameworks @loader_path/Frameworks";
				PRODUCT_BUNDLE_IDENTIFIER = "dasfds.-5-httpsUITests";
				PRODUCT_NAME = "$(TARGET_NAME)";
				TEST_TARGET_NAME = "05-https";
			};
			name = Release;
		};
/* End XCBuildConfiguration section */

/* Begin XCConfigurationList section */
		799CA2021D66DFA7005385D8 /* Build configuration list for PBXProject "05-https" */ = {
			isa = XCConfigurationList;
			buildConfigurations = (
				799CA2321D66DFA7005385D8 /* Debug */,
				799CA2331D66DFA7005385D8 /* Release */,
			);
			defaultConfigurationIsVisible = 0;
			defaultConfigurationName = Release;
		};
		799CA2341D66DFA7005385D8 /* Build configuration list for PBXNativeTarget "05-https" */ = {
			isa = XCConfigurationList;
			buildConfigurations = (
				799CA2351D66DFA7005385D8 /* Debug */,
				799CA2361D66DFA7005385D8 /* Release */,
			);
			defaultConfigurationIsVisible = 0;
		};
		799CA2371D66DFA7005385D8 /* Build configuration list for PBXNativeTarget "05-httpsTests" */ = {
			isa = XCConfigurationList;
			buildConfigurations = (
				799CA2381D66DFA7005385D8 /* Debug */,
				799CA2391D66DFA7005385D8 /* Release */,
			);
			defaultConfigurationIsVisible = 0;
		};
		799CA23A1D66DFA7005385D8 /* Build configuration list for PBXNativeTarget "05-httpsUITests" */ = {
			isa = XCConfigurationList;
			buildConfigurations = (
				799CA23B1D66DFA7005385D8 /* Debug */,
				799CA23C1D66DFA7005385D8 /* Release */,
			);
			defaultConfigurationIsVisible = 0;
		};
/* End XCConfigurationList section */
	};
	rootObject = 799CA1FF1D66DFA7005385D8 /* Project object */;
}
